// !$*UTF8*$!
{
	archiveVersion = 1;
	classes = {
	};
	objectVersion = 56;
	objects = {

/* Begin PBXBuildFile section */
		362E5B722A3C49E3003CC58D /* SwiftUIProjectApp.swift in Sources */ = {isa = PBXBuildFile; fileRef = 362E5B712A3C49E3003CC58D /* SwiftUIProjectApp.swift */; };
		362E5B742A3C49E3003CC58D /* ContentView.swift in Sources */ = {isa = PBXBuildFile; fileRef = 362E5B732A3C49E3003CC58D /* ContentView.swift */; };
		362E5B792A3C49E4003CC58D /* Preview Assets.xcassets in Resources */ = {isa = PBXBuildFile; fileRef = 362E5B782A3C49E4003CC58D /* Preview Assets.xcassets */; };
		362E5B802A3C511B003CC58D /* ReactNativeContext.swift in Sources */ = {isa = PBXBuildFile; fileRef = 362E5B7F2A3C511B003CC58D /* ReactNativeContext.swift */; };
		362E5B832A3C5AA4003CC58D /* ReactNativeView.swift in Sources */ = {isa = PBXBuildFile; fileRef = 362E5B822A3C5AA4003CC58D /* ReactNativeView.swift */; };
		362E5B852A3C6210003CC58D /* AppDelegate.swift in Sources */ = {isa = PBXBuildFile; fileRef = 362E5B842A3C6210003CC58D /* AppDelegate.swift */; };
		362E5B912A3C6585003CC58D /* Assets.xcassets in Resources */ = {isa = PBXBuildFile; fileRef = 362E5B8F2A3C6585003CC58D /* Assets.xcassets */; };
		36C5D98D2AA1B2960095E906 /* ReactNativeRouterModule.swift in Sources */ = {isa = PBXBuildFile; fileRef = 36C5D98C2AA1B2960095E906 /* ReactNativeRouterModule.swift */; };
		36C5D9912AA1B2C20095E906 /* Router.swift in Sources */ = {isa = PBXBuildFile; fileRef = 36C5D9902AA1B2C20095E906 /* Router.swift */; };
		36C5D9942AA1B2EA0095E906 /* ReactNativeRouterModule.m in Sources */ = {isa = PBXBuildFile; fileRef = 36C5D9932AA1B2EA0095E906 /* ReactNativeRouterModule.m */; };
		36C5D9972AA1B83F0095E906 /* Env.swift in Sources */ = {isa = PBXBuildFile; fileRef = 36C5D9962AA1B83F0095E906 /* Env.swift */; };
		36C5D9992AA1C41C0095E906 /* HomeView.swift in Sources */ = {isa = PBXBuildFile; fileRef = 36C5D9982AA1C41C0095E906 /* HomeView.swift */; };
		36C5D99B2AA1C4250095E906 /* ProductDetailView.swift in Sources */ = {isa = PBXBuildFile; fileRef = 36C5D99A2AA1C4250095E906 /* ProductDetailView.swift */; };
		6F01273E526717A5C37B7E0F /* libPods-SwiftUIProject.a in Frameworks */ = {isa = PBXBuildFile; fileRef = 8EB4BB017F7577FF7B1A5EBB /* libPods-SwiftUIProject.a */; };
/* End PBXBuildFile section */

/* Begin PBXFileReference section */
		362E5B6E2A3C49E3003CC58D /* SwiftUIProject.app */ = {isa = PBXFileReference; explicitFileType = wrapper.application; includeInIndex = 0; path = SwiftUIProject.app; sourceTree = BUILT_PRODUCTS_DIR; };
		362E5B712A3C49E3003CC58D /* SwiftUIProjectApp.swift */ = {isa = PBXFileReference; lastKnownFileType = sourcecode.swift; path = SwiftUIProjectApp.swift; sourceTree = "<group>"; };
		362E5B732A3C49E3003CC58D /* ContentView.swift */ = {isa = PBXFileReference; lastKnownFileType = sourcecode.swift; path = ContentView.swift; sourceTree = "<group>"; };
		362E5B782A3C49E4003CC58D /* Preview Assets.xcassets */ = {isa = PBXFileReference; lastKnownFileType = folder.assetcatalog; path = "Preview Assets.xcassets"; sourceTree = "<group>"; };
		362E5B7F2A3C511B003CC58D /* ReactNativeContext.swift */ = {isa = PBXFileReference; lastKnownFileType = sourcecode.swift; path = ReactNativeContext.swift; sourceTree = "<group>"; };
		362E5B812A3C513D003CC58D /* SwiftUIProject-Bridging-Header.h */ = {isa = PBXFileReference; lastKnownFileType = sourcecode.c.h; path = "SwiftUIProject-Bridging-Header.h"; sourceTree = "<group>"; };
		362E5B822A3C5AA4003CC58D /* ReactNativeView.swift */ = {isa = PBXFileReference; lastKnownFileType = sourcecode.swift; path = ReactNativeView.swift; sourceTree = "<group>"; };
		362E5B842A3C6210003CC58D /* AppDelegate.swift */ = {isa = PBXFileReference; lastKnownFileType = sourcecode.swift; path = AppDelegate.swift; sourceTree = "<group>"; };
		362E5B8F2A3C6585003CC58D /* Assets.xcassets */ = {isa = PBXFileReference; lastKnownFileType = folder.assetcatalog; path = Assets.xcassets; sourceTree = "<group>"; };
		362E5B902A3C6585003CC58D /* Info.plist */ = {isa = PBXFileReference; fileEncoding = 4; lastKnownFileType = text.plist.xml; path = Info.plist; sourceTree = "<group>"; };
		36C5D98C2AA1B2960095E906 /* ReactNativeRouterModule.swift */ = {isa = PBXFileReference; lastKnownFileType = sourcecode.swift; path = ReactNativeRouterModule.swift; sourceTree = "<group>"; };
		36C5D9902AA1B2C20095E906 /* Router.swift */ = {isa = PBXFileReference; lastKnownFileType = sourcecode.swift; path = Router.swift; sourceTree = "<group>"; };
		36C5D9932AA1B2EA0095E906 /* ReactNativeRouterModule.m */ = {isa = PBXFileReference; lastKnownFileType = sourcecode.c.objc; path = ReactNativeRouterModule.m; sourceTree = "<group>"; };
		36C5D9962AA1B83F0095E906 /* Env.swift */ = {isa = PBXFileReference; lastKnownFileType = sourcecode.swift; path = Env.swift; sourceTree = "<group>"; };
		36C5D9982AA1C41C0095E906 /* HomeView.swift */ = {isa = PBXFileReference; lastKnownFileType = sourcecode.swift; path = HomeView.swift; sourceTree = "<group>"; };
		36C5D99A2AA1C4250095E906 /* ProductDetailView.swift */ = {isa = PBXFileReference; lastKnownFileType = sourcecode.swift; path = ProductDetailView.swift; sourceTree = "<group>"; };
		8EB4BB017F7577FF7B1A5EBB /* libPods-SwiftUIProject.a */ = {isa = PBXFileReference; explicitFileType = archive.ar; includeInIndex = 0; path = "libPods-SwiftUIProject.a"; sourceTree = BUILT_PRODUCTS_DIR; };
		A1FF54CCD60A096B9B0A8A25 /* Pods-SwiftUIProject.release.xcconfig */ = {isa = PBXFileReference; includeInIndex = 1; lastKnownFileType = text.xcconfig; name = "Pods-SwiftUIProject.release.xcconfig"; path = "Target Support Files/Pods-SwiftUIProject/Pods-SwiftUIProject.release.xcconfig"; sourceTree = "<group>"; };
		DC6BA90059BFA6DF38E04A53 /* Pods-SwiftUIProject.debug.xcconfig */ = {isa = PBXFileReference; includeInIndex = 1; lastKnownFileType = text.xcconfig; name = "Pods-SwiftUIProject.debug.xcconfig"; path = "Target Support Files/Pods-SwiftUIProject/Pods-SwiftUIProject.debug.xcconfig"; sourceTree = "<group>"; };
/* End PBXFileReference section */

/* Begin PBXFrameworksBuildPhase section */
		362E5B6B2A3C49E3003CC58D /* Frameworks */ = {
			isa = PBXFrameworksBuildPhase;
			buildActionMask = 2147483647;
			files = (
				6F01273E526717A5C37B7E0F /* libPods-SwiftUIProject.a in Frameworks */,
			);
			runOnlyForDeploymentPostprocessing = 0;
		};
/* End PBXFrameworksBuildPhase section */

/* Begin PBXGroup section */
		34AAF79BCC94F20E561A1A3F /* Pods */ = {
			isa = PBXGroup;
			children = (
				DC6BA90059BFA6DF38E04A53 /* Pods-SwiftUIProject.debug.xcconfig */,
				A1FF54CCD60A096B9B0A8A25 /* Pods-SwiftUIProject.release.xcconfig */,
			);
			path = Pods;
			sourceTree = "<group>";
		};
		362E5B652A3C49E3003CC58D = {
			isa = PBXGroup;
			children = (
				362E5B812A3C513D003CC58D /* SwiftUIProject-Bridging-Header.h */,
				362E5B702A3C49E3003CC58D /* SwiftUIProject */,
				362E5B8A2A3C6554003CC58D /* Resources */,
				362E5B6F2A3C49E3003CC58D /* Products */,
				34AAF79BCC94F20E561A1A3F /* Pods */,
				DEC0B9B232D8384D94203753 /* Frameworks */,
			);
			sourceTree = "<group>";
		};
		362E5B6F2A3C49E3003CC58D /* Products */ = {
			isa = PBXGroup;
			children = (
				362E5B6E2A3C49E3003CC58D /* SwiftUIProject.app */,
			);
			name = Products;
			sourceTree = "<group>";
		};
		362E5B702A3C49E3003CC58D /* SwiftUIProject */ = {
			isa = PBXGroup;
			children = (
				362E5B842A3C6210003CC58D /* AppDelegate.swift */,
				36C5D98E2AA1B2B60095E906 /* Common */,
				362E5B892A3C63A9003CC58D /* Views */,
				36C5D98A2AA1B2530095E906 /* ReactNative */,
				362E5B772A3C49E4003CC58D /* Preview Content */,
			);
			path = SwiftUIProject;
			sourceTree = "<group>";
		};
		362E5B772A3C49E4003CC58D /* Preview Content */ = {
			isa = PBXGroup;
			children = (
				362E5B782A3C49E4003CC58D /* Preview Assets.xcassets */,
			);
			path = "Preview Content";
			sourceTree = "<group>";
		};
		362E5B892A3C63A9003CC58D /* Views */ = {
			isa = PBXGroup;
			children = (
				362E5B712A3C49E3003CC58D /* SwiftUIProjectApp.swift */,
				362E5B732A3C49E3003CC58D /* ContentView.swift */,
				36C5D9982AA1C41C0095E906 /* HomeView.swift */,
				36C5D99A2AA1C4250095E906 /* ProductDetailView.swift */,
			);
			path = Views;
			sourceTree = "<group>";
		};
		362E5B8A2A3C6554003CC58D /* Resources */ = {
			isa = PBXGroup;
			children = (
				362E5B8F2A3C6585003CC58D /* Assets.xcassets */,
				362E5B902A3C6585003CC58D /* Info.plist */,
			);
			path = Resources;
			sourceTree = "<group>";
		};
		36C5D98A2AA1B2530095E906 /* ReactNative */ = {
			isa = PBXGroup;
			children = (
				36C5D98B2AA1B2750095E906 /* Modules */,
				362E5B7F2A3C511B003CC58D /* ReactNativeContext.swift */,
				362E5B822A3C5AA4003CC58D /* ReactNativeView.swift */,
			);
			path = ReactNative;
			sourceTree = "<group>";
		};
		36C5D98B2AA1B2750095E906 /* Modules */ = {
			isa = PBXGroup;
			children = (
				36C5D9922AA1B2CE0095E906 /* Router */,
			);
			path = Modules;
			sourceTree = "<group>";
		};
		36C5D98E2AA1B2B60095E906 /* Common */ = {
			isa = PBXGroup;
			children = (
				36C5D9952AA1B8370095E906 /* Constants */,
				36C5D98F2AA1B2BE0095E906 /* Navigation */,
			);
			path = Common;
			sourceTree = "<group>";
		};
		36C5D98F2AA1B2BE0095E906 /* Navigation */ = {
			isa = PBXGroup;
			children = (
				36C5D9902AA1B2C20095E906 /* Router.swift */,
			);
			path = Navigation;
			sourceTree = "<group>";
		};
		36C5D9922AA1B2CE0095E906 /* Router */ = {
			isa = PBXGroup;
			children = (
				36C5D9932AA1B2EA0095E906 /* ReactNativeRouterModule.m */,
				36C5D98C2AA1B2960095E906 /* ReactNativeRouterModule.swift */,
			);
			path = Router;
			sourceTree = "<group>";
		};
		36C5D9952AA1B8370095E906 /* Constants */ = {
			isa = PBXGroup;
			children = (
				36C5D9962AA1B83F0095E906 /* Env.swift */,
			);
			path = Constants;
			sourceTree = "<group>";
		};
		DEC0B9B232D8384D94203753 /* Frameworks */ = {
			isa = PBXGroup;
			children = (
				8EB4BB017F7577FF7B1A5EBB /* libPods-SwiftUIProject.a */,
			);
			name = Frameworks;
			sourceTree = "<group>";
		};
/* End PBXGroup section */

/* Begin PBXNativeTarget section */
		362E5B6D2A3C49E3003CC58D /* SwiftUIProject */ = {
			isa = PBXNativeTarget;
			buildConfigurationList = 362E5B7C2A3C49E4003CC58D /* Build configuration list for PBXNativeTarget "SwiftUIProject" */;
			buildPhases = (
				20597399358BE7706D761873 /* [CP] Check Pods Manifest.lock */,
				362E5B6A2A3C49E3003CC58D /* Sources */,
				362E5B6B2A3C49E3003CC58D /* Frameworks */,
				362E5B6C2A3C49E3003CC58D /* Resources */,
				3D3E7B3BB513EA0E531D1B6D /* [CP] Embed Pods Frameworks */,
				AC272DB35166A63E4984D161 /* [CP] Copy Pods Resources */,
			);
			buildRules = (
			);
			dependencies = (
			);
			name = SwiftUIProject;
			productName = SwiftUIProject;
			productReference = 362E5B6E2A3C49E3003CC58D /* SwiftUIProject.app */;
			productType = "com.apple.product-type.application";
		};
/* End PBXNativeTarget section */

/* Begin PBXProject section */
		362E5B662A3C49E3003CC58D /* Project object */ = {
			isa = PBXProject;
			attributes = {
				BuildIndependentTargetsInParallel = 1;
				LastSwiftUpdateCheck = 1420;
				LastUpgradeCheck = 1420;
				TargetAttributes = {
					362E5B6D2A3C49E3003CC58D = {
						CreatedOnToolsVersion = 14.2;
						LastSwiftMigration = 1420;
					};
				};
			};
			buildConfigurationList = 362E5B692A3C49E3003CC58D /* Build configuration list for PBXProject "SwiftUIProject" */;
			compatibilityVersion = "Xcode 14.0";
			developmentRegion = en;
			hasScannedForEncodings = 0;
			knownRegions = (
				en,
				Base,
			);
			mainGroup = 362E5B652A3C49E3003CC58D;
			productRefGroup = 362E5B6F2A3C49E3003CC58D /* Products */;
			projectDirPath = "";
			projectRoot = "";
			targets = (
				362E5B6D2A3C49E3003CC58D /* SwiftUIProject */,
			);
		};
/* End PBXProject section */

/* Begin PBXResourcesBuildPhase section */
		362E5B6C2A3C49E3003CC58D /* Resources */ = {
			isa = PBXResourcesBuildPhase;
			buildActionMask = 2147483647;
			files = (
				362E5B912A3C6585003CC58D /* Assets.xcassets in Resources */,
				362E5B792A3C49E4003CC58D /* Preview Assets.xcassets in Resources */,
			);
			runOnlyForDeploymentPostprocessing = 0;
		};
/* End PBXResourcesBuildPhase section */

/* Begin PBXShellScriptBuildPhase section */
		20597399358BE7706D761873 /* [CP] Check Pods Manifest.lock */ = {
			isa = PBXShellScriptBuildPhase;
			buildActionMask = 2147483647;
			files = (
			);
			inputFileListPaths = (
			);
			inputPaths = (
				"${PODS_PODFILE_DIR_PATH}/Podfile.lock",
				"${PODS_ROOT}/Manifest.lock",
			);
			name = "[CP] Check Pods Manifest.lock";
			outputFileListPaths = (
			);
			outputPaths = (
				"$(DERIVED_FILE_DIR)/Pods-SwiftUIProject-checkManifestLockResult.txt",
			);
			runOnlyForDeploymentPostprocessing = 0;
			shellPath = /bin/sh;
			shellScript = "diff \"${PODS_PODFILE_DIR_PATH}/Podfile.lock\" \"${PODS_ROOT}/Manifest.lock\" > /dev/null\nif [ $? != 0 ] ; then\n    # print error to STDERR\n    echo \"error: The sandbox is not in sync with the Podfile.lock. Run 'pod install' or update your CocoaPods installation.\" >&2\n    exit 1\nfi\n# This output is used by Xcode 'outputs' to avoid re-running this script phase.\necho \"SUCCESS\" > \"${SCRIPT_OUTPUT_FILE_0}\"\n";
			showEnvVarsInLog = 0;
		};
		3D3E7B3BB513EA0E531D1B6D /* [CP] Embed Pods Frameworks */ = {
			isa = PBXShellScriptBuildPhase;
			buildActionMask = 2147483647;
			files = (
			);
			inputFileListPaths = (
				"${PODS_ROOT}/Target Support Files/Pods-SwiftUIProject/Pods-SwiftUIProject-frameworks-${CONFIGURATION}-input-files.xcfilelist",
			);
			name = "[CP] Embed Pods Frameworks";
			outputFileListPaths = (
				"${PODS_ROOT}/Target Support Files/Pods-SwiftUIProject/Pods-SwiftUIProject-frameworks-${CONFIGURATION}-output-files.xcfilelist",
			);
			runOnlyForDeploymentPostprocessing = 0;
			shellPath = /bin/sh;
			shellScript = "\"${PODS_ROOT}/Target Support Files/Pods-SwiftUIProject/Pods-SwiftUIProject-frameworks.sh\"\n";
			showEnvVarsInLog = 0;
		};
		AC272DB35166A63E4984D161 /* [CP] Copy Pods Resources */ = {
			isa = PBXShellScriptBuildPhase;
			buildActionMask = 2147483647;
			files = (
			);
			inputFileListPaths = (
				"${PODS_ROOT}/Target Support Files/Pods-SwiftUIProject/Pods-SwiftUIProject-resources-${CONFIGURATION}-input-files.xcfilelist",
			);
			name = "[CP] Copy Pods Resources";
			outputFileListPaths = (
				"${PODS_ROOT}/Target Support Files/Pods-SwiftUIProject/Pods-SwiftUIProject-resources-${CONFIGURATION}-output-files.xcfilelist",
			);
			runOnlyForDeploymentPostprocessing = 0;
			shellPath = /bin/sh;
			shellScript = "\"${PODS_ROOT}/Target Support Files/Pods-SwiftUIProject/Pods-SwiftUIProject-resources.sh\"\n";
			showEnvVarsInLog = 0;
		};
/* End PBXShellScriptBuildPhase section */

/* Begin PBXSourcesBuildPhase section */
		362E5B6A2A3C49E3003CC58D /* Sources */ = {
			isa = PBXSourcesBuildPhase;
			buildActionMask = 2147483647;
			files = (
				362E5B832A3C5AA4003CC58D /* ReactNativeView.swift in Sources */,
				36C5D9942AA1B2EA0095E906 /* ReactNativeRouterModule.m in Sources */,
				36C5D99B2AA1C4250095E906 /* ProductDetailView.swift in Sources */,
				36C5D98D2AA1B2960095E906 /* ReactNativeRouterModule.swift in Sources */,
				36C5D9992AA1C41C0095E906 /* HomeView.swift in Sources */,
				36C5D9972AA1B83F0095E906 /* Env.swift in Sources */,
				362E5B742A3C49E3003CC58D /* ContentView.swift in Sources */,
				36C5D9912AA1B2C20095E906 /* Router.swift in Sources */,
				362E5B802A3C511B003CC58D /* ReactNativeContext.swift in Sources */,
				362E5B852A3C6210003CC58D /* AppDelegate.swift in Sources */,
				362E5B722A3C49E3003CC58D /* SwiftUIProjectApp.swift in Sources */,
			);
			runOnlyForDeploymentPostprocessing = 0;
		};
/* End PBXSourcesBuildPhase section */

/* Begin XCBuildConfiguration section */
		362E5B7A2A3C49E4003CC58D /* Debug */ = {
			isa = XCBuildConfiguration;
			buildSettings = {
				ALWAYS_SEARCH_USER_PATHS = NO;
				CLANG_ANALYZER_NONNULL = YES;
				CLANG_ANALYZER_NUMBER_OBJECT_CONVERSION = YES_AGGRESSIVE;
				CLANG_CXX_LANGUAGE_STANDARD = "c++17";
				CLANG_ENABLE_MODULES = YES;
				CLANG_ENABLE_OBJC_ARC = YES;
				CLANG_ENABLE_OBJC_WEAK = YES;
				CLANG_WARN_BLOCK_CAPTURE_AUTORELEASING = YES;
				CLANG_WARN_BOOL_CONVERSION = YES;
				CLANG_WARN_COMMA = YES;
				CLANG_WARN_CONSTANT_CONVERSION = YES;
				CLANG_WARN_DEPRECATED_OBJC_IMPLEMENTATIONS = YES;
				CLANG_WARN_DIRECT_OBJC_ISA_USAGE = YES_ERROR;
				CLANG_WARN_DOCUMENTATION_COMMENTS = YES;
				CLANG_WARN_EMPTY_BODY = YES;
				CLANG_WARN_ENUM_CONVERSION = YES;
				CLANG_WARN_INFINITE_RECURSION = YES;
				CLANG_WARN_INT_CONVERSION = YES;
				CLANG_WARN_NON_LITERAL_NULL_CONVERSION = YES;
				CLANG_WARN_OBJC_IMPLICIT_RETAIN_SELF = YES;
				CLANG_WARN_OBJC_LITERAL_CONVERSION = YES;
				CLANG_WARN_OBJC_ROOT_CLASS = YES_ERROR;
				CLANG_WARN_QUOTED_INCLUDE_IN_FRAMEWORK_HEADER = YES;
				CLANG_WARN_RANGE_LOOP_ANALYSIS = YES;
				CLANG_WARN_STRICT_PROTOTYPES = YES;
				CLANG_WARN_SUSPICIOUS_MOVE = YES;
				CLANG_WARN_UNGUARDED_AVAILABILITY = YES_AGGRESSIVE;
				CLANG_WARN_UNREACHABLE_CODE = YES;
				CLANG_WARN__DUPLICATE_METHOD_MATCH = YES;
				COPY_PHASE_STRIP = NO;
				DEBUG_INFORMATION_FORMAT = dwarf;
				ENABLE_STRICT_OBJC_MSGSEND = YES;
				ENABLE_TESTABILITY = YES;
				"EXCLUDED_ARCHS[sdk=iphonesimulator*]" = i386;
				GCC_C_LANGUAGE_STANDARD = gnu11;
				GCC_DYNAMIC_NO_PIC = NO;
				GCC_NO_COMMON_BLOCKS = YES;
				GCC_OPTIMIZATION_LEVEL = 0;
				GCC_PREPROCESSOR_DEFINITIONS = (
					"DEBUG=1",
					"$(inherited)",
				);
				GCC_WARN_64_TO_32_BIT_CONVERSION = YES;
				GCC_WARN_ABOUT_RETURN_TYPE = YES_ERROR;
				GCC_WARN_UNDECLARED_SELECTOR = YES;
				GCC_WARN_UNINITIALIZED_AUTOS = YES_AGGRESSIVE;
				GCC_WARN_UNUSED_FUNCTION = YES;
				GCC_WARN_UNUSED_VARIABLE = YES;
				IPHONEOS_DEPLOYMENT_TARGET = 16.2;
				MTL_ENABLE_DEBUG_INFO = INCLUDE_SOURCE;
				MTL_FAST_MATH = YES;
				ONLY_ACTIVE_ARCH = YES;
				REACT_NATIVE_PATH = "${PODS_ROOT}/../../node_modules/react-native";
				SDKROOT = iphoneos;
				SWIFT_ACTIVE_COMPILATION_CONDITIONS = DEBUG;
				SWIFT_OBJC_BRIDGING_HEADER = "SwiftUIProject-Bridging-Header.h";
				SWIFT_OPTIMIZATION_LEVEL = "-Onone";
			};
			name = Debug;
		};
		362E5B7B2A3C49E4003CC58D /* Release */ = {
			isa = XCBuildConfiguration;
			buildSettings = {
				ALWAYS_SEARCH_USER_PATHS = NO;
				CLANG_ANALYZER_NONNULL = YES;
				CLANG_ANALYZER_NUMBER_OBJECT_CONVERSION = YES_AGGRESSIVE;
				CLANG_CXX_LANGUAGE_STANDARD = "c++17";
				CLANG_ENABLE_MODULES = YES;
				CLANG_ENABLE_OBJC_ARC = YES;
				CLANG_ENABLE_OBJC_WEAK = YES;
				CLANG_WARN_BLOCK_CAPTURE_AUTORELEASING = YES;
				CLANG_WARN_BOOL_CONVERSION = YES;
				CLANG_WARN_COMMA = YES;
				CLANG_WARN_CONSTANT_CONVERSION = YES;
				CLANG_WARN_DEPRECATED_OBJC_IMPLEMENTATIONS = YES;
				CLANG_WARN_DIRECT_OBJC_ISA_USAGE = YES_ERROR;
				CLANG_WARN_DOCUMENTATION_COMMENTS = YES;
				CLANG_WARN_EMPTY_BODY = YES;
				CLANG_WARN_ENUM_CONVERSION = YES;
				CLANG_WARN_INFINITE_RECURSION = YES;
				CLANG_WARN_INT_CONVERSION = YES;
				CLANG_WARN_NON_LITERAL_NULL_CONVERSION = YES;
				CLANG_WARN_OBJC_IMPLICIT_RETAIN_SELF = YES;
				CLANG_WARN_OBJC_LITERAL_CONVERSION = YES;
				CLANG_WARN_OBJC_ROOT_CLASS = YES_ERROR;
				CLANG_WARN_QUOTED_INCLUDE_IN_FRAMEWORK_HEADER = YES;
				CLANG_WARN_RANGE_LOOP_ANALYSIS = YES;
				CLANG_WARN_STRICT_PROTOTYPES = YES;
				CLANG_WARN_SUSPICIOUS_MOVE = YES;
				CLANG_WARN_UNGUARDED_AVAILABILITY = YES_AGGRESSIVE;
				CLANG_WARN_UNREACHABLE_CODE = YES;
				CLANG_WARN__DUPLICATE_METHOD_MATCH = YES;
				COPY_PHASE_STRIP = NO;
				DEBUG_INFORMATION_FORMAT = "dwarf-with-dsym";
				ENABLE_NS_ASSERTIONS = NO;
				ENABLE_STRICT_OBJC_MSGSEND = YES;
				"EXCLUDED_ARCHS[sdk=iphonesimulator*]" = i386;
				GCC_C_LANGUAGE_STANDARD = gnu11;
				GCC_NO_COMMON_BLOCKS = YES;
				GCC_WARN_64_TO_32_BIT_CONVERSION = YES;
				GCC_WARN_ABOUT_RETURN_TYPE = YES_ERROR;
				GCC_WARN_UNDECLARED_SELECTOR = YES;
				GCC_WARN_UNINITIALIZED_AUTOS = YES_AGGRESSIVE;
				GCC_WARN_UNUSED_FUNCTION = YES;
				GCC_WARN_UNUSED_VARIABLE = YES;
				IPHONEOS_DEPLOYMENT_TARGET = 16.2;
				MTL_ENABLE_DEBUG_INFO = NO;
				MTL_FAST_MATH = YES;
				REACT_NATIVE_PATH = "${PODS_ROOT}/../../node_modules/react-native";
				SDKROOT = iphoneos;
				SWIFT_COMPILATION_MODE = wholemodule;
				SWIFT_OBJC_BRIDGING_HEADER = "SwiftUIProject-Bridging-Header.h";
				SWIFT_OPTIMIZATION_LEVEL = "-O";
				VALIDATE_PRODUCT = YES;
			};
			name = Release;
		};
		362E5B7D2A3C49E4003CC58D /* Debug */ = {
			isa = XCBuildConfiguration;
			baseConfigurationReference = DC6BA90059BFA6DF38E04A53 /* Pods-SwiftUIProject.debug.xcconfig */;
			buildSettings = {
				ASSETCATALOG_COMPILER_APPICON_NAME = AppIcon;
				ASSETCATALOG_COMPILER_GLOBAL_ACCENT_COLOR_NAME = AccentColor;
				CLANG_ENABLE_MODULES = YES;
				CODE_SIGN_STYLE = Manual;
				CURRENT_PROJECT_VERSION = 1;
				DEVELOPMENT_ASSET_PATHS = "\"SwiftUIProject/Preview Content\"";
				DEVELOPMENT_TEAM = "";
				ENABLE_PREVIEWS = YES;
				GENERATE_INFOPLIST_FILE = YES;
				INFOPLIST_FILE = Resources/Info.plist;
				INFOPLIST_KEY_UIApplicationSceneManifest_Generation = YES;
				INFOPLIST_KEY_UIApplicationSupportsIndirectInputEvents = YES;
				INFOPLIST_KEY_UILaunchScreen_Generation = YES;
				INFOPLIST_KEY_UISupportedInterfaceOrientations_iPad = "UIInterfaceOrientationPortrait UIInterfaceOrientationPortraitUpsideDown UIInterfaceOrientationLandscapeLeft UIInterfaceOrientationLandscapeRight";
				INFOPLIST_KEY_UISupportedInterfaceOrientations_iPhone = "UIInterfaceOrientationPortrait UIInterfaceOrientationLandscapeLeft UIInterfaceOrientationLandscapeRight";
				IPHONEOS_DEPLOYMENT_TARGET = 16.0;
				LD_RUNPATH_SEARCH_PATHS = (
					"$(inherited)",
					"@executable_path/Frameworks",
				);
				MARKETING_VERSION = 1.0;
				PRODUCT_BUNDLE_IDENTIFIER = js.SwiftUIProject;
				PRODUCT_NAME = "$(TARGET_NAME)";
				PROVISIONING_PROFILE_SPECIFIER = "";
				SWIFT_EMIT_LOC_STRINGS = YES;
				SWIFT_OPTIMIZATION_LEVEL = "-Onone";
				SWIFT_VERSION = 5.0;
				TARGETED_DEVICE_FAMILY = "1,2";
			};
			name = Debug;
		};
		362E5B7E2A3C49E4003CC58D /* Release */ = {
			isa = XCBuildConfiguration;
			baseConfigurationReference = A1FF54CCD60A096B9B0A8A25 /* Pods-SwiftUIProject.release.xcconfig */;
			buildSettings = {
				ASSETCATALOG_COMPILER_APPICON_NAME = AppIcon;
				ASSETCATALOG_COMPILER_GLOBAL_ACCENT_COLOR_NAME = AccentColor;
				CLANG_ENABLE_MODULES = YES;
				CODE_SIGN_STYLE = Manual;
				CURRENT_PROJECT_VERSION = 1;
				DEVELOPMENT_ASSET_PATHS = "\"SwiftUIProject/Preview Content\"";
				DEVELOPMENT_TEAM = "";
				ENABLE_PREVIEWS = YES;
				GENERATE_INFOPLIST_FILE = YES;
				INFOPLIST_FILE = Resources/Info.plist;
				INFOPLIST_KEY_UIApplicationSceneManifest_Generation = YES;
				INFOPLIST_KEY_UIApplicationSupportsIndirectInputEvents = YES;
				INFOPLIST_KEY_UILaunchScreen_Generation = YES;
				INFOPLIST_KEY_UISupportedInterfaceOrientations_iPad = "UIInterfaceOrientationPortrait UIInterfaceOrientationPortraitUpsideDown UIInterfaceOrientationLandscapeLeft UIInterfaceOrientationLandscapeRight";
				INFOPLIST_KEY_UISupportedInterfaceOrientations_iPhone = "UIInterfaceOrientationPortrait UIInterfaceOrientationLandscapeLeft UIInterfaceOrientationLandscapeRight";
				IPHONEOS_DEPLOYMENT_TARGET = 16.0;
				LD_RUNPATH_SEARCH_PATHS = (
					"$(inherited)",
					"@executable_path/Frameworks",
				);
				MARKETING_VERSION = 1.0;
				PRODUCT_BUNDLE_IDENTIFIER = js.SwiftUIProject;
				PRODUCT_NAME = "$(TARGET_NAME)";
				PROVISIONING_PROFILE_SPECIFIER = "";
				SWIFT_EMIT_LOC_STRINGS = YES;
				SWIFT_VERSION = 5.0;
				TARGETED_DEVICE_FAMILY = "1,2";
			};
			name = Release;
		};
/* End XCBuildConfiguration section */

/* Begin XCConfigurationList section */
		362E5B692A3C49E3003CC58D /* Build configuration list for PBXProject "SwiftUIProject" */ = {
			isa = XCConfigurationList;
			buildConfigurations = (
				362E5B7A2A3C49E4003CC58D /* Debug */,
				362E5B7B2A3C49E4003CC58D /* Release */,
			);
			defaultConfigurationIsVisible = 0;
			defaultConfigurationName = Release;
		};
		362E5B7C2A3C49E4003CC58D /* Build configuration list for PBXNativeTarget "SwiftUIProject" */ = {
			isa = XCConfigurationList;
			buildConfigurations = (
				362E5B7D2A3C49E4003CC58D /* Debug */,
				362E5B7E2A3C49E4003CC58D /* Release */,
			);
			defaultConfigurationIsVisible = 0;
			defaultConfigurationName = Release;
		};
/* End XCConfigurationList section */
	};
	rootObject = 362E5B662A3C49E3003CC58D /* Project object */;
}
